
Microsoft Visual Studio Solution File, Format Version 12.00
# Visual Studio 2013
VisualStudioVersion = 12.0.31101.0
MinimumVisualStudioVersion = 10.0.40219.1
Project("{FAE04EC0-301F-11D3-BF4B-00C04F79EFBC}") = "TriviaGame", "TriviaGame\TriviaGame.csproj", "{CE819B85-664B-485A-8DA9-8C86327FDAA8}"
EndProject
Project("{2150E333-8FDC-42A3-9474-1A3956D46DE8}") = "PublishScripts", "PublishScripts", "{6D7A185B-E94E-4BC3-86AE-89AC4D93EF2A}"
	ProjectSection(SolutionItems) = preProject
		PublishScripts\AzureWebsitePublishModule.psm1 = PublishScripts\AzureWebsitePublishModule.psm1
		PublishScripts\Publish-WebApplicationWebsite.ps1 = PublishScripts\Publish-WebApplicationWebsite.ps1
	EndProjectSection
EndProject
Project("{2150E333-8FDC-42A3-9474-1A3956D46DE8}") = "Configurations", "Configurations", "{241AC94C-88C2-413C-A117-8E5C48A3FAFE}"
	ProjectSection(SolutionItems) = preProject
		PublishScripts\Configurations\TriviaGame-WAWS-dev.json = PublishScripts\Configurations\TriviaGame-WAWS-dev.json
	EndProjectSection
EndProject
Project("{2150E333-8FDC-42A3-9474-1A3956D46DE8}") = ".nuget", ".nuget", "{E7B6A4D3-CAFF-489D-95C7-AAC0FBA4DA5B}"
	ProjectSection(SolutionItems) = preProject
		.nuget\packages.config = .nuget\packages.config
	EndProjectSection
EndProject
Global
	GlobalSection(SolutionConfigurationPlatforms) = preSolution
		Debug|Any CPU = Debug|Any CPU
		Release|Any CPU = Release|Any CPU
	EndGlobalSection
	GlobalSection(ProjectConfigurationPlatforms) = postSolution
		{CE819B85-664B-485A-8DA9-8C86327FDAA8}.Debug|Any CPU.ActiveCfg = Debug|Any CPU
		{CE819B85-664B-485A-8DA9-8C86327FDAA8}.Debug|Any CPU.Build.0 = Debug|Any CPU
		{CE819B85-664B-485A-8DA9-8C86327FDAA8}.Release|Any CPU.ActiveCfg = Release|Any CPU
		{CE819B85-664B-485A-8DA9-8C86327FDAA8}.Release|Any CPU.Build.0 = Release|Any CPU
	EndGlobalSection
	GlobalSection(SolutionProperties) = preSolution
		HideSolutionNode = FALSE
	EndGlobalSection
	GlobalSection(NestedProjects) = preSolution
		{241AC94C-88C2-413C-A117-8E5C48A3FAFE} = {6D7A185B-E94E-4BC3-86AE-89AC4D93EF2A}
	EndGlobalSection
EndGlobal
